github.com/Kmotiko/gofc v0.0.0-20190902011257-857358e251a4 h1:d4LPqkMr/qqAUYmlEDE/jWCDVadiAfApc/MGxcRLh00=
github.com/Kmotiko/gofc v0.0.0-20190902011257-857358e251a4/go.mod h1:esOmoRxRpMwDS7ftwyXdZAxofMr0GGIzHHuF+SLVMT0=
github.com/digitalocean/go-openvswitch v0.0.0-20201214180534-ce0f183468d8 h1:RQAD2flP6n+U5sAudMpru+EuLJ6VQduu6yenl6LwM5E=
github.com/digitalocean/go-openvswitch v0.0.0-20201214180534-ce0f183468d8/go.mod h1:MpzfscrezUxa94/T4sy2tDaxB+hQ6w0EmRBPv+xHWEs=
github.com/mattn/go-pipeline v0.0.0-20190323144519-32d779b32768 h1:uZ41sUUU0/vDwBwMVz7O1jtcSyLFn/AeUdMr9MKcDsc=
github.com/mattn/go-pipeline v0.0.0-20190323144519-32d779b32768/go.mod h1:THCMZVX5asLpinN+6hFlR1xKFcFsaDpAtUltGqZauBM=
