github.com/Kmotiko/gofc v0.0.0-20190902011257-857358e251a4 h1:d4LPqkMr/qqAUYmlEDE/jWCDVadiAfApc/MGxcRLh00=
github.com/Kmotiko/gofc v0.0.0-20190902011257-857358e251a4/go.mod h1:esOmoRxRpMwDS7ftwyXdZAxofMr0GGIzHHuF+SLVMT0=
github.com/digitalocean/go-openvswitch v0.0.0-20201214180534-ce0f183468d8 h1:RQAD2flP6n+U5sAudMpru+EuLJ6VQduu6yenl6LwM5E=
github.com/digitalocean/go-openvswitch v0.0.0-20201214180534-ce0f183468d8/go.mod h1:MpzfscrezUxa94/T4sy2tDaxB+hQ6w0EmRBPv+xHWEs=
github.com/mattn/go-pipeline v0.0.0-20190323144519-32d779b32768 h1:uZ41sUUU0/vDwBwMVz7O1jtcSyLFn/AeUdMr9MKcDsc=
github.com/mattn/go-pipeline v0.0.0-20190323144519-32d779b32768/go.mod h1:THCMZVX5asLpinN+6hFlR1xKFcFsaDpAtUltGqZauBM=
github.com/vishvananda/netlink v1.1.0 h1:1iyaYNBLmP6L0220aDnYQpo1QEV4t4hJ+xEEhhJH8j0=
github.com/vishvananda/netlink v1.1.0/go.mod h1:cTgwzPIzzgDAYoQrMm0EdrjRUBkTqKYppBueQtXaqoE=
github.com/vishvananda/netns v0.0.0-20191106174202-0a2b9b5464df h1:OviZH7qLw/7ZovXvuNyL3XQl8UFofeikI1NW1Gypu7k=
github.com/vishvananda/netns v0.0.0-20191106174202-0a2b9b5464df/go.mod h1:JP3t17pCcGlemwknint6hfoeCVQrEMVwxRLRjXpq+BU=
golang.org/x/sys v0.0.0-20190606203320-7fc4e5ec1444 h1:/d2cWp6PSamH4jDPFLyO150psQdqvtoNX8Zjg3AQ31g=
golang.org/x/sys v0.0.0-20190606203320-7fc4e5ec1444/go.mod h1:h1NjWce9XRLGQEsW7wpKNCjG9DtNlClVuFLEZdDNbEs=
